
Microsoft Visual Studio Solution File, Format Version 12.00
# Visual Studio Version 17
VisualStudioVersion = 17.0.32112.339
MinimumVisualStudioVersion = 10.0.40219.1
Project("{FAE04EC0-301F-11D3-BF4B-00C04F79EFBC}") = "WebSite", "WebSite\WebSite.csproj", "{028BCE2B-946B-4E07-9F14-2AD361089BB9}"
EndProject
Global
	GlobalSection(SolutionConfigurationPlatforms) = preSolution
		Debug|Any CPU = Debug|Any CPU
		Release|Any CPU = Release|Any CPU
	EndGlobalSection
	GlobalSection(ProjectConfigurationPlatforms) = postSolution
		{028BCE2B-946B-4E07-9F14-2AD361089BB9}.Debug|Any CPU.ActiveCfg = Debug|Any CPU
		{028BCE2B-946B-4E07-9F14-2AD361089BB9}.Debug|Any CPU.Build.0 = Debug|Any CPU
		{028BCE2B-946B-4E07-9F14-2AD361089BB9}.Release|Any CPU.ActiveCfg = Release|Any CPU
		{028BCE2B-946B-4E07-9F14-2AD361089BB9}.Release|Any CPU.Build.0 = Release|Any CPU
	EndGlobalSection
	GlobalSection(SolutionProperties) = preSolution
		HideSolutionNode = FALSE
	EndGlobalSection
	GlobalSection(ExtensibilityGlobals) = postSolution
		SolutionGuid = {4F4CD67A-F7C9-4D2F-B0BE-1DA931499CCB}
	EndGlobalSection
EndGlobal
